
Microsoft Visual Studio Solution File, Format Version 11.00
# Visual Studio 2010
Project("{FAE04EC0-301F-11D3-BF4B-00C04F79EFBC}") = "psms", "psms\psms.csproj", "{CD610A48-D46F-486D-B312-21DF84C2BA27}"
EndProject
Project("{FAE04EC0-301F-11D3-BF4B-00C04F79EFBC}") = "SQLServerDAL", "SQLServerDAL\SQLServerDAL.csproj", "{CE0EDB0B-B5D9-4E31-A8D0-B3933A8E2160}"
EndProject
Project("{FAE04EC0-301F-11D3-BF4B-00C04F79EFBC}") = "Model", "Model\Model.csproj", "{0908F1E1-5C43-4D78-A50E-B4FAD129B923}"
EndProject
Project("{FAE04EC0-301F-11D3-BF4B-00C04F79EFBC}") = "IDAL", "IDAL\IDAL.csproj", "{B7A334EE-72AA-4A9D-9A77-0430F3A8A27C}"
EndProject
Project("{FAE04EC0-301F-11D3-BF4B-00C04F79EFBC}") = "BLL", "BLL\BLL.csproj", "{6C075C01-B1F5-4A3A-8E9C-944F9CF150E2}"
EndProject
Project("{FAE04EC0-301F-11D3-BF4B-00C04F79EFBC}") = "DALFactory", "DALFactory\DALFactory.csproj", "{E9412835-E577-4612-AF0E-A6BAF0C0BBE1}"
EndProject
Project("{FAE04EC0-301F-11D3-BF4B-00C04F79EFBC}") = "DBUtility", "DBUtility\DBUtility.csproj", "{F5BE4C89-2C93-40F3-A86B-783DE5D107C7}"
EndProject
Project("{54435603-DBB4-11D2-8724-00A0C9A8B90C}") = "SetupPsms", "SetupPsms\SetupPsms.vdproj", "{4BB31109-8C6E-4EF1-9E7D-C2D001DAFBDF}"
EndProject
Global
	GlobalSection(SolutionConfigurationPlatforms) = preSolution
		Debug|Any CPU = Debug|Any CPU
		Release|Any CPU = Release|Any CPU
	EndGlobalSection
	GlobalSection(ProjectConfigurationPlatforms) = postSolution
		{CD610A48-D46F-486D-B312-21DF84C2BA27}.Debug|Any CPU.ActiveCfg = Debug|Any CPU
		{CD610A48-D46F-486D-B312-21DF84C2BA27}.Debug|Any CPU.Build.0 = Debug|Any CPU
		{CD610A48-D46F-486D-B312-21DF84C2BA27}.Release|Any CPU.ActiveCfg = Release|Any CPU
		{CD610A48-D46F-486D-B312-21DF84C2BA27}.Release|Any CPU.Build.0 = Release|Any CPU
		{CE0EDB0B-B5D9-4E31-A8D0-B3933A8E2160}.Debug|Any CPU.ActiveCfg = Debug|Any CPU
		{CE0EDB0B-B5D9-4E31-A8D0-B3933A8E2160}.Debug|Any CPU.Build.0 = Debug|Any CPU
		{CE0EDB0B-B5D9-4E31-A8D0-B3933A8E2160}.Release|Any CPU.ActiveCfg = Release|Any CPU
		{CE0EDB0B-B5D9-4E31-A8D0-B3933A8E2160}.Release|Any CPU.Build.0 = Release|Any CPU
		{0908F1E1-5C43-4D78-A50E-B4FAD129B923}.Debug|Any CPU.ActiveCfg = Debug|Any CPU
		{0908F1E1-5C43-4D78-A50E-B4FAD129B923}.Debug|Any CPU.Build.0 = Debug|Any CPU
		{0908F1E1-5C43-4D78-A50E-B4FAD129B923}.Release|Any CPU.ActiveCfg = Release|Any CPU
		{0908F1E1-5C43-4D78-A50E-B4FAD129B923}.Release|Any CPU.Build.0 = Release|Any CPU
		{B7A334EE-72AA-4A9D-9A77-0430F3A8A27C}.Debug|Any CPU.ActiveCfg = Debug|Any CPU
		{B7A334EE-72AA-4A9D-9A77-0430F3A8A27C}.Debug|Any CPU.Build.0 = Debug|Any CPU
		{B7A334EE-72AA-4A9D-9A77-0430F3A8A27C}.Release|Any CPU.ActiveCfg = Release|Any CPU
		{B7A334EE-72AA-4A9D-9A77-0430F3A8A27C}.Release|Any CPU.Build.0 = Release|Any CPU
		{6C075C01-B1F5-4A3A-8E9C-944F9CF150E2}.Debug|Any CPU.ActiveCfg = Debug|Any CPU
		{6C075C01-B1F5-4A3A-8E9C-944F9CF150E2}.Debug|Any CPU.Build.0 = Debug|Any CPU
		{6C075C01-B1F5-4A3A-8E9C-944F9CF150E2}.Release|Any CPU.ActiveCfg = Release|Any CPU
		{6C075C01-B1F5-4A3A-8E9C-944F9CF150E2}.Release|Any CPU.Build.0 = Release|Any CPU
		{E9412835-E577-4612-AF0E-A6BAF0C0BBE1}.Debug|Any CPU.ActiveCfg = Debug|Any CPU
		{E9412835-E577-4612-AF0E-A6BAF0C0BBE1}.Debug|Any CPU.Build.0 = Debug|Any CPU
		{E9412835-E577-4612-AF0E-A6BAF0C0BBE1}.Release|Any CPU.ActiveCfg = Release|Any CPU
		{E9412835-E577-4612-AF0E-A6BAF0C0BBE1}.Release|Any CPU.Build.0 = Release|Any CPU
		{F5BE4C89-2C93-40F3-A86B-783DE5D107C7}.Debug|Any CPU.ActiveCfg = Debug|Any CPU
		{F5BE4C89-2C93-40F3-A86B-783DE5D107C7}.Debug|Any CPU.Build.0 = Debug|Any CPU
		{F5BE4C89-2C93-40F3-A86B-783DE5D107C7}.Release|Any CPU.ActiveCfg = Release|Any CPU
		{F5BE4C89-2C93-40F3-A86B-783DE5D107C7}.Release|Any CPU.Build.0 = Release|Any CPU
		{4BB31109-8C6E-4EF1-9E7D-C2D001DAFBDF}.Debug|Any CPU.ActiveCfg = Debug
		{4BB31109-8C6E-4EF1-9E7D-C2D001DAFBDF}.Release|Any CPU.ActiveCfg = Release
	EndGlobalSection
	GlobalSection(SolutionProperties) = preSolution
		HideSolutionNode = FALSE
	EndGlobalSection
EndGlobal
